// !$*UTF8*$!
{
	archiveVersion = 1;
	classes = {
	};
	objectVersion = 56;
	objects = {

/* Begin PBXBuildFile section */
		504795A92980A8AB005D0336 /* AppDelegate.swift in Sources */ = {isa = PBXBuildFile; fileRef = 504795A82980A8AB005D0336 /* AppDelegate.swift */; };
		504795AB2980A8AB005D0336 /* SceneDelegate.swift in Sources */ = {isa = PBXBuildFile; fileRef = 504795AA2980A8AB005D0336 /* SceneDelegate.swift */; };
		504795AD2980A8AB005D0336 /* ViewController.swift in Sources */ = {isa = PBXBuildFile; fileRef = 504795AC2980A8AB005D0336 /* ViewController.swift */; };
		504795B02980A8AB005D0336 /* Main.storyboard in Resources */ = {isa = PBXBuildFile; fileRef = 504795AE2980A8AB005D0336 /* Main.storyboard */; };
		504795B22980A8AC005D0336 /* Assets.xcassets in Resources */ = {isa = PBXBuildFile; fileRef = 504795B12980A8AC005D0336 /* Assets.xcassets */; };
		504795B52980A8AC005D0336 /* LaunchScreen.storyboard in Resources */ = {isa = PBXBuildFile; fileRef = 504795B32980A8AC005D0336 /* LaunchScreen.storyboard */; };
		504795C02980A8AC005D0336 /* Apple_pieTests.swift in Sources */ = {isa = PBXBuildFile; fileRef = 504795BF2980A8AC005D0336 /* Apple_pieTests.swift */; };
		504795CA2980A8AC005D0336 /* Apple_pieUITests.swift in Sources */ = {isa = PBXBuildFile; fileRef = 504795C92980A8AC005D0336 /* Apple_pieUITests.swift */; };
		504795CC2980A8AC005D0336 /* Apple_pieUITestsLaunchTests.swift in Sources */ = {isa = PBXBuildFile; fileRef = 504795CB2980A8AC005D0336 /* Apple_pieUITestsLaunchTests.swift */; };
/* End PBXBuildFile section */

/* Begin PBXContainerItemProxy section */
		504795BC2980A8AC005D0336 /* PBXContainerItemProxy */ = {
			isa = PBXContainerItemProxy;
			containerPortal = 5047959D2980A8AB005D0336 /* Project object */;
			proxyType = 1;
			remoteGlobalIDString = 504795A42980A8AB005D0336;
			remoteInfo = "Apple pie";
		};
		504795C62980A8AC005D0336 /* PBXContainerItemProxy */ = {
			isa = PBXContainerItemProxy;
			containerPortal = 5047959D2980A8AB005D0336 /* Project object */;
			proxyType = 1;
			remoteGlobalIDString = 504795A42980A8AB005D0336;
			remoteInfo = "Apple pie";
		};
/* End PBXContainerItemProxy section */

/* Begin PBXFileReference section */
		504795A52980A8AB005D0336 /* Apple pie.app */ = {isa = PBXFileReference; explicitFileType = wrapper.application; includeInIndex = 0; path = "Apple pie.app"; sourceTree = BUILT_PRODUCTS_DIR; };
		504795A82980A8AB005D0336 /* AppDelegate.swift */ = {isa = PBXFileReference; lastKnownFileType = sourcecode.swift; path = AppDelegate.swift; sourceTree = "<group>"; };
		504795AA2980A8AB005D0336 /* SceneDelegate.swift */ = {isa = PBXFileReference; lastKnownFileType = sourcecode.swift; path = SceneDelegate.swift; sourceTree = "<group>"; };
		504795AC2980A8AB005D0336 /* ViewController.swift */ = {isa = PBXFileReference; lastKnownFileType = sourcecode.swift; path = ViewController.swift; sourceTree = "<group>"; };
		504795AF2980A8AB005D0336 /* Base */ = {isa = PBXFileReference; lastKnownFileType = file.storyboard; name = Base; path = Base.lproj/Main.storyboard; sourceTree = "<group>"; };
		504795B12980A8AC005D0336 /* Assets.xcassets */ = {isa = PBXFileReference; lastKnownFileType = folder.assetcatalog; path = Assets.xcassets; sourceTree = "<group>"; };
		504795B42980A8AC005D0336 /* Base */ = {isa = PBXFileReference; lastKnownFileType = file.storyboard; name = Base; path = Base.lproj/LaunchScreen.storyboard; sourceTree = "<group>"; };
		504795B62980A8AC005D0336 /* Info.plist */ = {isa = PBXFileReference; lastKnownFileType = text.plist.xml; path = Info.plist; sourceTree = "<group>"; };
		504795BB2980A8AC005D0336 /* Apple pieTests.xctest */ = {isa = PBXFileReference; explicitFileType = wrapper.cfbundle; includeInIndex = 0; path = "Apple pieTests.xctest"; sourceTree = BUILT_PRODUCTS_DIR; };
		504795BF2980A8AC005D0336 /* Apple_pieTests.swift */ = {isa = PBXFileReference; lastKnownFileType = sourcecode.swift; path = Apple_pieTests.swift; sourceTree = "<group>"; };
		504795C52980A8AC005D0336 /* Apple pieUITests.xctest */ = {isa = PBXFileReference; explicitFileType = wrapper.cfbundle; includeInIndex = 0; path = "Apple pieUITests.xctest"; sourceTree = BUILT_PRODUCTS_DIR; };
		504795C92980A8AC005D0336 /* Apple_pieUITests.swift */ = {isa = PBXFileReference; lastKnownFileType = sourcecode.swift; path = Apple_pieUITests.swift; sourceTree = "<group>"; };
		504795CB2980A8AC005D0336 /* Apple_pieUITestsLaunchTests.swift */ = {isa = PBXFileReference; lastKnownFileType = sourcecode.swift; path = Apple_pieUITestsLaunchTests.swift; sourceTree = "<group>"; };
/* End PBXFileReference section */

/* Begin PBXFrameworksBuildPhase section */
		504795A22980A8AB005D0336 /* Frameworks */ = {
			isa = PBXFrameworksBuildPhase;
			buildActionMask = 2147483647;
			files = (
			);
			runOnlyForDeploymentPostprocessing = 0;
		};
		504795B82980A8AC005D0336 /* Frameworks */ = {
			isa = PBXFrameworksBuildPhase;
			buildActionMask = 2147483647;
			files = (
			);
			runOnlyForDeploymentPostprocessing = 0;
		};
		504795C22980A8AC005D0336 /* Frameworks */ = {
			isa = PBXFrameworksBuildPhase;
			buildActionMask = 2147483647;
			files = (
			);
			runOnlyForDeploymentPostprocessing = 0;
		};
/* End PBXFrameworksBuildPhase section */

/* Begin PBXGroup section */
		5047959C2980A8AB005D0336 = {
			isa = PBXGroup;
			children = (
				504795A72980A8AB005D0336 /* Apple pie */,
				504795BE2980A8AC005D0336 /* Apple pieTests */,
				504795C82980A8AC005D0336 /* Apple pieUITests */,
				504795A62980A8AB005D0336 /* Products */,
			);
			sourceTree = "<group>";
		};
		504795A62980A8AB005D0336 /* Products */ = {
			isa = PBXGroup;
			children = (
				504795A52980A8AB005D0336 /* Apple pie.app */,
				504795BB2980A8AC005D0336 /* Apple pieTests.xctest */,
				504795C52980A8AC005D0336 /* Apple pieUITests.xctest */,
			);
			name = Products;
			sourceTree = "<group>";
		};
		504795A72980A8AB005D0336 /* Apple pie */ = {
			isa = PBXGroup;
			children = (
				504795A82980A8AB005D0336 /* AppDelegate.swift */,
				504795AA2980A8AB005D0336 /* SceneDelegate.swift */,
				504795AC2980A8AB005D0336 /* ViewController.swift */,
				504795AE2980A8AB005D0336 /* Main.storyboard */,
				504795B12980A8AC005D0336 /* Assets.xcassets */,
				504795B32980A8AC005D0336 /* LaunchScreen.storyboard */,
				504795B62980A8AC005D0336 /* Info.plist */,
			);
			path = "Apple pie";
			sourceTree = "<group>";
		};
		504795BE2980A8AC005D0336 /* Apple pieTests */ = {
			isa = PBXGroup;
			children = (
				504795BF2980A8AC005D0336 /* Apple_pieTests.swift */,
			);
			path = "Apple pieTests";
			sourceTree = "<group>";
		};
		504795C82980A8AC005D0336 /* Apple pieUITests */ = {
			isa = PBXGroup;
			children = (
				504795C92980A8AC005D0336 /* Apple_pieUITests.swift */,
				504795CB2980A8AC005D0336 /* Apple_pieUITestsLaunchTests.swift */,
			);
			path = "Apple pieUITests";
			sourceTree = "<group>";
		};
/* End PBXGroup section */

/* Begin PBXNativeTarget section */
		504795A42980A8AB005D0336 /* Apple pie */ = {
			isa = PBXNativeTarget;
			buildConfigurationList = 504795CF2980A8AC005D0336 /* Build configuration list for PBXNativeTarget "Apple pie" */;
			buildPhases = (
				504795A12980A8AB005D0336 /* Sources */,
				504795A22980A8AB005D0336 /* Frameworks */,
				504795A32980A8AB005D0336 /* Resources */,
			);
			buildRules = (
			);
			dependencies = (
			);
			name = "Apple pie";
			productName = "Apple pie";
			productReference = 504795A52980A8AB005D0336 /* Apple pie.app */;
			productType = "com.apple.product-type.application";
		};
		504795BA2980A8AC005D0336 /* Apple pieTests */ = {
			isa = PBXNativeTarget;
			buildConfigurationList = 504795D22980A8AC005D0336 /* Build configuration list for PBXNativeTarget "Apple pieTests" */;
			buildPhases = (
				504795B72980A8AC005D0336 /* Sources */,
				504795B82980A8AC005D0336 /* Frameworks */,
				504795B92980A8AC005D0336 /* Resources */,
			);
			buildRules = (
			);
			dependencies = (
				504795BD2980A8AC005D0336 /* PBXTargetDependency */,
			);
			name = "Apple pieTests";
			productName = "Apple pieTests";
			productReference = 504795BB2980A8AC005D0336 /* Apple pieTests.xctest */;
			productType = "com.apple.product-type.bundle.unit-test";
		};
		504795C42980A8AC005D0336 /* Apple pieUITests */ = {
			isa = PBXNativeTarget;
			buildConfigurationList = 504795D52980A8AC005D0336 /* Build configuration list for PBXNativeTarget "Apple pieUITests" */;
			buildPhases = (
				504795C12980A8AC005D0336 /* Sources */,
				504795C22980A8AC005D0336 /* Frameworks */,
				504795C32980A8AC005D0336 /* Resources */,
			);
			buildRules = (
			);
			dependencies = (
				504795C72980A8AC005D0336 /* PBXTargetDependency */,
			);
			name = "Apple pieUITests";
			productName = "Apple pieUITests";
			productReference = 504795C52980A8AC005D0336 /* Apple pieUITests.xctest */;
			productType = "com.apple.product-type.bundle.ui-testing";
		};
/* End PBXNativeTarget section */

/* Begin PBXProject section */
		5047959D2980A8AB005D0336 /* Project object */ = {
			isa = PBXProject;
			attributes = {
				BuildIndependentTargetsInParallel = 1;
				LastSwiftUpdateCheck = 1420;
				LastUpgradeCheck = 1420;
				TargetAttributes = {
					504795A42980A8AB005D0336 = {
						CreatedOnToolsVersion = 14.2;
					};
					504795BA2980A8AC005D0336 = {
						CreatedOnToolsVersion = 14.2;
						TestTargetID = 504795A42980A8AB005D0336;
					};
					504795C42980A8AC005D0336 = {
						CreatedOnToolsVersion = 14.2;
						TestTargetID = 504795A42980A8AB005D0336;
					};
				};
			};
			buildConfigurationList = 504795A02980A8AB005D0336 /* Build configuration list for PBXProject "Apple pie" */;
			compatibilityVersion = "Xcode 14.0";
			developmentRegion = en;
			hasScannedForEncodings = 0;
			knownRegions = (
				en,
				Base,
			);
			mainGroup = 5047959C2980A8AB005D0336;
			productRefGroup = 504795A62980A8AB005D0336 /* Products */;
			projectDirPath = "";
			projectRoot = "";
			targets = (
				504795A42980A8AB005D0336 /* Apple pie */,
				504795BA2980A8AC005D0336 /* Apple pieTests */,
				504795C42980A8AC005D0336 /* Apple pieUITests */,
			);
		};
/* End PBXProject section */

/* Begin PBXResourcesBuildPhase section */
		504795A32980A8AB005D0336 /* Resources */ = {
			isa = PBXResourcesBuildPhase;
			buildActionMask = 2147483647;
			files = (
				504795B52980A8AC005D0336 /* LaunchScreen.storyboard in Resources */,
				504795B22980A8AC005D0336 /* Assets.xcassets in Resources */,
				504795B02980A8AB005D0336 /* Main.storyboard in Resources */,
			);
			runOnlyForDeploymentPostprocessing = 0;
		};
		504795B92980A8AC005D0336 /* Resources */ = {
			isa = PBXResourcesBuildPhase;
			buildActionMask = 2147483647;
			files = (
			);
			runOnlyForDeploymentPostprocessing = 0;
		};
		504795C32980A8AC005D0336 /* Resources */ = {
			isa = PBXResourcesBuildPhase;
			buildActionMask = 2147483647;
			files = (
			);
			runOnlyForDeploymentPostprocessing = 0;
		};
/* End PBXResourcesBuildPhase section */

/* Begin PBXSourcesBuildPhase section */
		504795A12980A8AB005D0336 /* Sources */ = {
			isa = PBXSourcesBuildPhase;
			buildActionMask = 2147483647;
			files = (
				504795AD2980A8AB005D0336 /* ViewController.swift in Sources */,
				504795A92980A8AB005D0336 /* AppDelegate.swift in Sources */,
				504795AB2980A8AB005D0336 /* SceneDelegate.swift in Sources */,
			);
			runOnlyForDeploymentPostprocessing = 0;
		};
		504795B72980A8AC005D0336 /* Sources */ = {
			isa = PBXSourcesBuildPhase;
			buildActionMask = 2147483647;
			files = (
				504795C02980A8AC005D0336 /* Apple_pieTests.swift in Sources */,
			);
			runOnlyForDeploymentPostprocessing = 0;
		};
		504795C12980A8AC005D0336 /* Sources */ = {
			isa = PBXSourcesBuildPhase;
			buildActionMask = 2147483647;
			files = (
				504795CC2980A8AC005D0336 /* Apple_pieUITestsLaunchTests.swift in Sources */,
				504795CA2980A8AC005D0336 /* Apple_pieUITests.swift in Sources */,
			);
			runOnlyForDeploymentPostprocessing = 0;
		};
/* End PBXSourcesBuildPhase section */

/* Begin PBXTargetDependency section */
		504795BD2980A8AC005D0336 /* PBXTargetDependency */ = {
			isa = PBXTargetDependency;
			target = 504795A42980A8AB005D0336 /* Apple pie */;
			targetProxy = 504795BC2980A8AC005D0336 /* PBXContainerItemProxy */;
		};
		504795C72980A8AC005D0336 /* PBXTargetDependency */ = {
			isa = PBXTargetDependency;
			target = 504795A42980A8AB005D0336 /* Apple pie */;
			targetProxy = 504795C62980A8AC005D0336 /* PBXContainerItemProxy */;
		};
/* End PBXTargetDependency section */

/* Begin PBXVariantGroup section */
		504795AE2980A8AB005D0336 /* Main.storyboard */ = {
			isa = PBXVariantGroup;
			children = (
				504795AF2980A8AB005D0336 /* Base */,
			);
			name = Main.storyboard;
			sourceTree = "<group>";
		};
		504795B32980A8AC005D0336 /* LaunchScreen.storyboard */ = {
			isa = PBXVariantGroup;
			children = (
				504795B42980A8AC005D0336 /* Base */,
			);
			name = LaunchScreen.storyboard;
			sourceTree = "<group>";
		};
/* End PBXVariantGroup section */

/* Begin XCBuildConfiguration section */
		504795CD2980A8AC005D0336 /* Debug */ = {
			isa = XCBuildConfiguration;
			buildSettings = {
				ALWAYS_SEARCH_USER_PATHS = NO;
				CLANG_ANALYZER_NONNULL = YES;
				CLANG_ANALYZER_NUMBER_OBJECT_CONVERSION = YES_AGGRESSIVE;
				CLANG_CXX_LANGUAGE_STANDARD = "gnu++20";
				CLANG_ENABLE_MODULES = YES;
				CLANG_ENABLE_OBJC_ARC = YES;
				CLANG_ENABLE_OBJC_WEAK = YES;
				CLANG_WARN_BLOCK_CAPTURE_AUTORELEASING = YES;
				CLANG_WARN_BOOL_CONVERSION = YES;
				CLANG_WARN_COMMA = YES;
				CLANG_WARN_CONSTANT_CONVERSION = YES;
				CLANG_WARN_DEPRECATED_OBJC_IMPLEMENTATIONS = YES;
				CLANG_WARN_DIRECT_OBJC_ISA_USAGE = YES_ERROR;
				CLANG_WARN_DOCUMENTATION_COMMENTS = YES;
				CLANG_WARN_EMPTY_BODY = YES;
				CLANG_WARN_ENUM_CONVERSION = YES;
				CLANG_WARN_INFINITE_RECURSION = YES;
				CLANG_WARN_INT_CONVERSION = YES;
				CLANG_WARN_NON_LITERAL_NULL_CONVERSION = YES;
				CLANG_WARN_OBJC_IMPLICIT_RETAIN_SELF = YES;
				CLANG_WARN_OBJC_LITERAL_CONVERSION = YES;
				CLANG_WARN_OBJC_ROOT_CLASS = YES_ERROR;
				CLANG_WARN_QUOTED_INCLUDE_IN_FRAMEWORK_HEADER = YES;
				CLANG_WARN_RANGE_LOOP_ANALYSIS = YES;
				CLANG_WARN_STRICT_PROTOTYPES = YES;
				CLANG_WARN_SUSPICIOUS_MOVE = YES;
				CLANG_WARN_UNGUARDED_AVAILABILITY = YES_AGGRESSIVE;
				CLANG_WARN_UNREACHABLE_CODE = YES;
				CLANG_WARN__DUPLICATE_METHOD_MATCH = YES;
				COPY_PHASE_STRIP = NO;
				DEBUG_INFORMATION_FORMAT = dwarf;
				ENABLE_STRICT_OBJC_MSGSEND = YES;
				ENABLE_TESTABILITY = YES;
				GCC_C_LANGUAGE_STANDARD = gnu11;
				GCC_DYNAMIC_NO_PIC = NO;
				GCC_NO_COMMON_BLOCKS = YES;
				GCC_OPTIMIZATION_LEVEL = 0;
				GCC_PREPROCESSOR_DEFINITIONS = (
					"DEBUG=1",
					"$(inherited)",
				);
				GCC_WARN_64_TO_32_BIT_CONVERSION = YES;
				GCC_WARN_ABOUT_RETURN_TYPE = YES_ERROR;
				GCC_WARN_UNDECLARED_SELECTOR = YES;
				GCC_WARN_UNINITIALIZED_AUTOS = YES_AGGRESSIVE;
				GCC_WARN_UNUSED_FUNCTION = YES;
				GCC_WARN_UNUSED_VARIABLE = YES;
				IPHONEOS_DEPLOYMENT_TARGET = 16.2;
				MTL_ENABLE_DEBUG_INFO = INCLUDE_SOURCE;
				MTL_FAST_MATH = YES;
				ONLY_ACTIVE_ARCH = YES;
				SDKROOT = iphoneos;
				SWIFT_ACTIVE_COMPILATION_CONDITIONS = DEBUG;
				SWIFT_OPTIMIZATION_LEVEL = "-Onone";
			};
			name = Debug;
		};
		504795CE2980A8AC005D0336 /* Release */ = {
			isa = XCBuildConfiguration;
			buildSettings = {
				ALWAYS_SEARCH_USER_PATHS = NO;
				CLANG_ANALYZER_NONNULL = YES;
				CLANG_ANALYZER_NUMBER_OBJECT_CONVERSION = YES_AGGRESSIVE;
				CLANG_CXX_LANGUAGE_STANDARD = "gnu++20";
				CLANG_ENABLE_MODULES = YES;
				CLANG_ENABLE_OBJC_ARC = YES;
				CLANG_ENABLE_OBJC_WEAK = YES;
				CLANG_WARN_BLOCK_CAPTURE_AUTORELEASING = YES;
				CLANG_WARN_BOOL_CONVERSION = YES;
				CLANG_WARN_COMMA = YES;
				CLANG_WARN_CONSTANT_CONVERSION = YES;
				CLANG_WARN_DEPRECATED_OBJC_IMPLEMENTATIONS = YES;
				CLANG_WARN_DIRECT_OBJC_ISA_USAGE = YES_ERROR;
				CLANG_WARN_DOCUMENTATION_COMMENTS = YES;
				CLANG_WARN_EMPTY_BODY = YES;
				CLANG_WARN_ENUM_CONVERSION = YES;
				CLANG_WARN_INFINITE_RECURSION = YES;
				CLANG_WARN_INT_CONVERSION = YES;
				CLANG_WARN_NON_LITERAL_NULL_CONVERSION = YES;
				CLANG_WARN_OBJC_IMPLICIT_RETAIN_SELF = YES;
				CLANG_WARN_OBJC_LITERAL_CONVERSION = YES;
				CLANG_WARN_OBJC_ROOT_CLASS = YES_ERROR;
				CLANG_WARN_QUOTED_INCLUDE_IN_FRAMEWORK_HEADER = YES;
				CLANG_WARN_RANGE_LOOP_ANALYSIS = YES;
				CLANG_WARN_STRICT_PROTOTYPES = YES;
				CLANG_WARN_SUSPICIOUS_MOVE = YES;
				CLANG_WARN_UNGUARDED_AVAILABILITY = YES_AGGRESSIVE;
				CLANG_WARN_UNREACHABLE_CODE = YES;
				CLANG_WARN__DUPLICATE_METHOD_MATCH = YES;
				COPY_PHASE_STRIP = NO;
				DEBUG_INFORMATION_FORMAT = "dwarf-with-dsym";
				ENABLE_NS_ASSERTIONS = NO;
				ENABLE_STRICT_OBJC_MSGSEND = YES;
				GCC_C_LANGUAGE_STANDARD = gnu11;
				GCC_NO_COMMON_BLOCKS = YES;
				GCC_WARN_64_TO_32_BIT_CONVERSION = YES;
				GCC_WARN_ABOUT_RETURN_TYPE = YES_ERROR;
				GCC_WARN_UNDECLARED_SELECTOR = YES;
				GCC_WARN_UNINITIALIZED_AUTOS = YES_AGGRESSIVE;
				GCC_WARN_UNUSED_FUNCTION = YES;
				GCC_WARN_UNUSED_VARIABLE = YES;
				IPHONEOS_DEPLOYMENT_TARGET = 16.2;
				MTL_ENABLE_DEBUG_INFO = NO;
				MTL_FAST_MATH = YES;
				SDKROOT = iphoneos;
				SWIFT_COMPILATION_MODE = wholemodule;
				SWIFT_OPTIMIZATION_LEVEL = "-O";
				VALIDATE_PRODUCT = YES;
			};
			name = Release;
		};
		504795D02980A8AC005D0336 /* Debug */ = {
			isa = XCBuildConfiguration;
			buildSettings = {
				ASSETCATALOG_COMPILER_APPICON_NAME = AppIcon;
				ASSETCATALOG_COMPILER_GLOBAL_ACCENT_COLOR_NAME = AccentColor;
				CODE_SIGN_STYLE = Automatic;
				CURRENT_PROJECT_VERSION = 1;
				GENERATE_INFOPLIST_FILE = YES;
				INFOPLIST_FILE = "Apple pie/Info.plist";
				INFOPLIST_KEY_UIApplicationSupportsIndirectInputEvents = YES;
				INFOPLIST_KEY_UILaunchStoryboardName = LaunchScreen;
				INFOPLIST_KEY_UIMainStoryboardFile = Main;
				INFOPLIST_KEY_UISupportedInterfaceOrientations_iPad = "UIInterfaceOrientationPortrait UIInterfaceOrientationPortraitUpsideDown UIInterfaceOrientationLandscapeLeft UIInterfaceOrientationLandscapeRight";
				INFOPLIST_KEY_UISupportedInterfaceOrientations_iPhone = "UIInterfaceOrientationPortrait UIInterfaceOrientationLandscapeLeft UIInterfaceOrientationLandscapeRight";
				LD_RUNPATH_SEARCH_PATHS = (
					"$(inherited)",
					"@executable_path/Frameworks",
				);
				MARKETING_VERSION = 1.0;
				PRODUCT_BUNDLE_IDENTIFIER = "mohammed-alziyad.Apple-pie";
				PRODUCT_NAME = "$(TARGET_NAME)";
				SWIFT_EMIT_LOC_STRINGS = YES;
				SWIFT_VERSION = 5.0;
				TARGETED_DEVICE_FAMILY = "1,2";
			};
			name = Debug;
		};
		504795D12980A8AC005D0336 /* Release */ = {
			isa = XCBuildConfiguration;
			buildSettings = {
				ASSETCATALOG_COMPILER_APPICON_NAME = AppIcon;
				ASSETCATALOG_COMPILER_GLOBAL_ACCENT_COLOR_NAME = AccentColor;
				CODE_SIGN_STYLE = Automatic;
				CURRENT_PROJECT_VERSION = 1;
				GENERATE_INFOPLIST_FILE = YES;
				INFOPLIST_FILE = "Apple pie/Info.plist";
				INFOPLIST_KEY_UIApplicationSupportsIndirectInputEvents = YES;
				INFOPLIST_KEY_UILaunchStoryboardName = LaunchScreen;
				INFOPLIST_KEY_UIMainStoryboardFile = Main;
				INFOPLIST_KEY_UISupportedInterfaceOrientations_iPad = "UIInterfaceOrientationPortrait UIInterfaceOrientationPortraitUpsideDown UIInterfaceOrientationLandscapeLeft UIInterfaceOrientationLandscapeRight";
				INFOPLIST_KEY_UISupportedInterfaceOrientations_iPhone = "UIInterfaceOrientationPortrait UIInterfaceOrientationLandscapeLeft UIInterfaceOrientationLandscapeRight";
				LD_RUNPATH_SEARCH_PATHS = (
					"$(inherited)",
					"@executable_path/Frameworks",
				);
				MARKETING_VERSION = 1.0;
				PRODUCT_BUNDLE_IDENTIFIER = "mohammed-alziyad.Apple-pie";
				PRODUCT_NAME = "$(TARGET_NAME)";
				SWIFT_EMIT_LOC_STRINGS = YES;
				SWIFT_VERSION = 5.0;
				TARGETED_DEVICE_FAMILY = "1,2";
			};
			name = Release;
		};
		504795D32980A8AC005D0336 /* Debug */ = {
			isa = XCBuildConfiguration;
			buildSettings = {
				ALWAYS_EMBED_SWIFT_STANDARD_LIBRARIES = YES;
				BUNDLE_LOADER = "$(TEST_HOST)";
				CODE_SIGN_STYLE = Automatic;
				CURRENT_PROJECT_VERSION = 1;
				GENERATE_INFOPLIST_FILE = YES;
				IPHONEOS_DEPLOYMENT_TARGET = 16.2;
				MARKETING_VERSION = 1.0;
				PRODUCT_BUNDLE_IDENTIFIER = "mohammed-alziyad.Apple-pieTests";
				PRODUCT_NAME = "$(TARGET_NAME)";
				SWIFT_EMIT_LOC_STRINGS = NO;
				SWIFT_VERSION = 5.0;
				TARGETED_DEVICE_FAMILY = "1,2";
				TEST_HOST = "$(BUILT_PRODUCTS_DIR)/Apple pie.app/$(BUNDLE_EXECUTABLE_FOLDER_PATH)/Apple pie";
			};
			name = Debug;
		};
		504795D42980A8AC005D0336 /* Release */ = {
			isa = XCBuildConfiguration;
			buildSettings = {
				ALWAYS_EMBED_SWIFT_STANDARD_LIBRARIES = YES;
				BUNDLE_LOADER = "$(TEST_HOST)";
				CODE_SIGN_STYLE = Automatic;
				CURRENT_PROJECT_VERSION = 1;
				GENERATE_INFOPLIST_FILE = YES;
				IPHONEOS_DEPLOYMENT_TARGET = 16.2;
				MARKETING_VERSION = 1.0;
				PRODUCT_BUNDLE_IDENTIFIER = "mohammed-alziyad.Apple-pieTests";
				PRODUCT_NAME = "$(TARGET_NAME)";
				SWIFT_EMIT_LOC_STRINGS = NO;
				SWIFT_VERSION = 5.0;
				TARGETED_DEVICE_FAMILY = "1,2";
				TEST_HOST = "$(BUILT_PRODUCTS_DIR)/Apple pie.app/$(BUNDLE_EXECUTABLE_FOLDER_PATH)/Apple pie";
			};
			name = Release;
		};
		504795D62980A8AC005D0336 /* Debug */ = {
			isa = XCBuildConfiguration;
			buildSettings = {
				ALWAYS_EMBED_SWIFT_STANDARD_LIBRARIES = YES;
				CODE_SIGN_STYLE = Automatic;
				CURRENT_PROJECT_VERSION = 1;
				GENERATE_INFOPLIST_FILE = YES;
				MARKETING_VERSION = 1.0;
				PRODUCT_BUNDLE_IDENTIFIER = "mohammed-alziyad.Apple-pieUITests";
				PRODUCT_NAME = "$(TARGET_NAME)";
				SWIFT_EMIT_LOC_STRINGS = NO;
				SWIFT_VERSION = 5.0;
				TARGETED_DEVICE_FAMILY = "1,2";
				TEST_TARGET_NAME = "Apple pie";
			};
			name = Debug;
		};
		504795D72980A8AC005D0336 /* Release */ = {
			isa = XCBuildConfiguration;
			buildSettings = {
				ALWAYS_EMBED_SWIFT_STANDARD_LIBRARIES = YES;
				CODE_SIGN_STYLE = Automatic;
				CURRENT_PROJECT_VERSION = 1;
				GENERATE_INFOPLIST_FILE = YES;
				MARKETING_VERSION = 1.0;
				PRODUCT_BUNDLE_IDENTIFIER = "mohammed-alziyad.Apple-pieUITests";
				PRODUCT_NAME = "$(TARGET_NAME)";
				SWIFT_EMIT_LOC_STRINGS = NO;
				SWIFT_VERSION = 5.0;
				TARGETED_DEVICE_FAMILY = "1,2";
				TEST_TARGET_NAME = "Apple pie";
			};
			name = Release;
		};
/* End XCBuildConfiguration section */

/* Begin XCConfigurationList section */
		504795A02980A8AB005D0336 /* Build configuration list for PBXProject "Apple pie" */ = {
			isa = XCConfigurationList;
			buildConfigurations = (
				504795CD2980A8AC005D0336 /* Debug */,
				504795CE2980A8AC005D0336 /* Release */,
			);
			defaultConfigurationIsVisible = 0;
			defaultConfigurationName = Release;
		};
		504795CF2980A8AC005D0336 /* Build configuration list for PBXNativeTarget "Apple pie" */ = {
			isa = XCConfigurationList;
			buildConfigurations = (
				504795D02980A8AC005D0336 /* Debug */,
				504795D12980A8AC005D0336 /* Release */,
			);
			defaultConfigurationIsVisible = 0;
			defaultConfigurationName = Release;
		};
		504795D22980A8AC005D0336 /* Build configuration list for PBXNativeTarget "Apple pieTests" */ = {
			isa = XCConfigurationList;
			buildConfigurations = (
				504795D32980A8AC005D0336 /* Debug */,
				504795D42980A8AC005D0336 /* Release */,
			);
			defaultConfigurationIsVisible = 0;
			defaultConfigurationName = Release;
		};
		504795D52980A8AC005D0336 /* Build configuration list for PBXNativeTarget "Apple pieUITests" */ = {
			isa = XCConfigurationList;
			buildConfigurations = (
				504795D62980A8AC005D0336 /* Debug */,
				504795D72980A8AC005D0336 /* Release */,
			);
			defaultConfigurationIsVisible = 0;
			defaultConfigurationName = Release;
		};
/* End XCConfigurationList section */
	};
	rootObject = 5047959D2980A8AB005D0336 /* Project object */;
}
